{
  "name": "dctd",
  "version": "1.0.0",
  "lockfileVersion": 2,
  "requires": true,
  "packages": {
    "": {
      "name": "dctd",
      "version": "1.0.0",
      "license": "ISC",
      "dependencies": {
        "dotenv": "^16.3.2",
        "twitter-api-v2": "^1.16.0"
      }
    },
    "node_modules/dotenv": {
      "version": "16.3.2",
      "resolved": "https://registry.npmjs.org/dotenv/-/dotenv-16.3.2.tgz",
      "integrity": "sha512-HTlk5nmhkm8F6JcdXvHIzaorzCoziNQT9mGxLPVXW8wJF1TiGSL60ZGB4gHWabHOaMmWmhvk2/lPHfnBiT78AQ==",
      "engines": {
        "node": ">=12"
      },
      "funding": {
        "url": "https://github.com/motdotla/dotenv?sponsor=1"
      }
    },
    "node_modules/twitter-api-v2": {
      "version": "1.16.0",
      "resolved": "https://registry.npmjs.org/twitter-api-v2/-/twitter-api-v2-1.16.0.tgz",
      "integrity": "sha512-e7wzWqx5oQZ9IUc2xt8JiJ84ioVGlmjmca1h0NwCKx2AFfKXDePmQa42gcBDe0qau9YaHsIpzO9z5SX1fmb+IQ=="
    }
  },
  "dependencies": {
    "dotenv": {
      "version": "16.3.2",
      "resolved": "https://registry.npmjs.org/dotenv/-/dotenv-16.3.2.tgz",
      "integrity": "sha512-HTlk5nmhkm8F6JcdXvHIzaorzCoziNQT9mGxLPVXW8wJF1TiGSL60ZGB4gHWabHOaMmWmhvk2/lPHfnBiT78AQ=="
    },
    "twitter-api-v2": {
      "version": "1.16.0",
      "resolved": "https://registry.npmjs.org/twitter-api-v2/-/twitter-api-v2-1.16.0.tgz",
      "integrity": "sha512-e7wzWqx5oQZ9IUc2xt8JiJ84ioVGlmjmca1h0NwCKx2AFfKXDePmQa42gcBDe0qau9YaHsIpzO9z5SX1fmb+IQ=="
    }
  }
}
